
Microsoft Visual Studio Solution File, Format Version 12.00
# Visual Studio 15
VisualStudioVersion = 15.0.26730.16
MinimumVisualStudioVersion = 10.0.40219.1
Project("{2150E333-8FDC-42A3-9474-1A3956D46DE8}") = "Solution Items", "Solution Items", "{391F6F73-9803-44CC-B784-94E51E7E4333}"
	ProjectSection(SolutionItems) = preProject
		Examples.html = Examples.html
		ReadMe.txt = ReadMe.txt
		ReadMe2.txt = ReadMe2.txt
	EndProjectSection
EndProject
Project("{E24C65DC-7377-472B-9ABA-BC803B73C61A}") = "psadmin", "psadmin\", "{DD30DF83-0973-4AFA-98F9-037AEFE963C9}"
	ProjectSection(WebsiteProperties) = preProject
		TargetFrameworkMoniker = ".NETFramework,Version%3Dv4.6.1"
		Debug.AspNetCompiler.VirtualPath = "/localhost_2253"
		Debug.AspNetCompiler.PhysicalPath = "psadmin\"
		Debug.AspNetCompiler.TargetPath = "PrecompiledWeb\localhost_2253\"
		Debug.AspNetCompiler.Updateable = "true"
		Debug.AspNetCompiler.ForceOverwrite = "true"
		Debug.AspNetCompiler.FixedNames = "false"
		Debug.AspNetCompiler.Debug = "True"
		Release.AspNetCompiler.VirtualPath = "/localhost_2253"
		Release.AspNetCompiler.PhysicalPath = "psadmin\"
		Release.AspNetCompiler.TargetPath = "PrecompiledWeb\localhost_2253\"
		Release.AspNetCompiler.Updateable = "true"
		Release.AspNetCompiler.ForceOverwrite = "true"
		Release.AspNetCompiler.FixedNames = "false"
		Release.AspNetCompiler.Debug = "False"
		VWDPort = "2253"
		SlnRelativePath = "psadmin\"
		DefaultWebSiteLanguage = "Visual C#"
	EndProjectSection
EndProject
Global
	GlobalSection(SolutionConfigurationPlatforms) = preSolution
		Debug|Any CPU = Debug|Any CPU
	EndGlobalSection
	GlobalSection(ProjectConfigurationPlatforms) = postSolution
		{DD30DF83-0973-4AFA-98F9-037AEFE963C9}.Debug|Any CPU.ActiveCfg = Debug|Any CPU
		{DD30DF83-0973-4AFA-98F9-037AEFE963C9}.Debug|Any CPU.Build.0 = Debug|Any CPU
	EndGlobalSection
	GlobalSection(SolutionProperties) = preSolution
		HideSolutionNode = FALSE
	EndGlobalSection
	GlobalSection(ExtensibilityGlobals) = postSolution
		SolutionGuid = {E834D377-E02E-4473-8E6B-C2CFF935934C}
	EndGlobalSection
EndGlobal
